
Microsoft Visual Studio Solution File, Format Version 12.00
# Visual Studio 15
VisualStudioVersion = 15.0.28307.1267
MinimumVisualStudioVersion = 10.0.40219.1
Project("{FAE04EC0-301F-11D3-BF4B-00C04F79EFBC}") = "EventApplication", "EventApplication\EventApplication.csproj", "{D6143751-3719-4F03-8C48-5B73DD27FDC4}"
EndProject
Global
	GlobalSection(SolutionConfigurationPlatforms) = preSolution
		Debug|Any CPU = Debug|Any CPU
		Release|Any CPU = Release|Any CPU
	EndGlobalSection
	GlobalSection(ProjectConfigurationPlatforms) = postSolution
		{D6143751-3719-4F03-8C48-5B73DD27FDC4}.Debug|Any CPU.ActiveCfg = Debug|Any CPU
		{D6143751-3719-4F03-8C48-5B73DD27FDC4}.Debug|Any CPU.Build.0 = Debug|Any CPU
		{D6143751-3719-4F03-8C48-5B73DD27FDC4}.Release|Any CPU.ActiveCfg = Release|Any CPU
		{D6143751-3719-4F03-8C48-5B73DD27FDC4}.Release|Any CPU.Build.0 = Release|Any CPU
	EndGlobalSection
	GlobalSection(SolutionProperties) = preSolution
		HideSolutionNode = FALSE
	EndGlobalSection
	GlobalSection(ExtensibilityGlobals) = postSolution
		SolutionGuid = {B052257E-68E5-4AA3-B269-C706668FF6C4}
	EndGlobalSection
EndGlobal
